
Microsoft Visual Studio Solution File, Format Version 12.00
# Visual Studio 14
VisualStudioVersion = 14.0.23107.0
MinimumVisualStudioVersion = 10.0.40219.1
Project("{F2A71F9B-5D33-465A-A702-920D77279786}") = "Myriad.Core", "Core\Myriad.Core.fsproj", "{78A04ED6-655D-44BD-B83E-6032495B8538}"
EndProject
Project("{F2A71F9B-5D33-465A-A702-920D77279786}") = "Myriad.Test", "Test\Myriad.Test.fsproj", "{F9E4C875-FF56-41A2-8254-64C5DC90714F}"
EndProject
Project("{2150E333-8FDC-42A3-9474-1A3956D46DE8}") = "Solution Items", "Solution Items", "{E3FF9D21-00D1-4A66-AF46-91A3826C1013}"
	ProjectSection(SolutionItems) = preProject
		.gitattributes = .gitattributes
		.gitignore = .gitignore
		LICENSE = LICENSE
		README.md = README.md
	EndProjectSection
EndProject
Project("{F2A71F9B-5D33-465A-A702-920D77279786}") = "Myriad.Store", "Store\Myriad.Store.fsproj", "{853C35E9-A3BA-48FF-A058-44E12441DCEB}"
EndProject
Global
	GlobalSection(SolutionConfigurationPlatforms) = preSolution
		Debug|Any CPU = Debug|Any CPU
		Release|Any CPU = Release|Any CPU
	EndGlobalSection
	GlobalSection(ProjectConfigurationPlatforms) = postSolution
		{78A04ED6-655D-44BD-B83E-6032495B8538}.Debug|Any CPU.ActiveCfg = Debug|Any CPU
		{78A04ED6-655D-44BD-B83E-6032495B8538}.Debug|Any CPU.Build.0 = Debug|Any CPU
		{78A04ED6-655D-44BD-B83E-6032495B8538}.Release|Any CPU.ActiveCfg = Release|Any CPU
		{78A04ED6-655D-44BD-B83E-6032495B8538}.Release|Any CPU.Build.0 = Release|Any CPU
		{F9E4C875-FF56-41A2-8254-64C5DC90714F}.Debug|Any CPU.ActiveCfg = Debug|Any CPU
		{F9E4C875-FF56-41A2-8254-64C5DC90714F}.Debug|Any CPU.Build.0 = Debug|Any CPU
		{F9E4C875-FF56-41A2-8254-64C5DC90714F}.Release|Any CPU.ActiveCfg = Release|Any CPU
		{F9E4C875-FF56-41A2-8254-64C5DC90714F}.Release|Any CPU.Build.0 = Release|Any CPU
		{853C35E9-A3BA-48FF-A058-44E12441DCEB}.Debug|Any CPU.ActiveCfg = Debug|Any CPU
		{853C35E9-A3BA-48FF-A058-44E12441DCEB}.Debug|Any CPU.Build.0 = Debug|Any CPU
		{853C35E9-A3BA-48FF-A058-44E12441DCEB}.Release|Any CPU.ActiveCfg = Release|Any CPU
		{853C35E9-A3BA-48FF-A058-44E12441DCEB}.Release|Any CPU.Build.0 = Release|Any CPU
	EndGlobalSection
	GlobalSection(SolutionProperties) = preSolution
		HideSolutionNode = FALSE
	EndGlobalSection
EndGlobal
